
Microsoft Visual Studio Solution File, Format Version 12.00
# Visual Studio Version 17
VisualStudioVersion = 17.7.34009.444
MinimumVisualStudioVersion = 10.0.40219.1
Project("{2150E333-8FDC-42A3-9474-1A3956D46DE8}") = "src", "src", "{48FD8643-976D-4821-B571-A7D160E73A2A}"
EndProject
Project("{2150E333-8FDC-42A3-9474-1A3956D46DE8}") = "API", "API", "{C2922AAA-CEE7-47AF-876E-1F9733C345EC}"
EndProject
Project("{2150E333-8FDC-42A3-9474-1A3956D46DE8}") = "Modules", "Modules", "{9ABC5FC8-7BFE-4CAB-928D-6E03EFF4E99F}"
EndProject
Project("{2150E333-8FDC-42A3-9474-1A3956D46DE8}") = "BuildingBlocks", "BuildingBlocks", "{6ED919C6-442B-4DFE-9546-00D50EE6E13C}"
EndProject
Project("{2150E333-8FDC-42A3-9474-1A3956D46DE8}") = "Domain", "Domain", "{B4F854BC-C440-4663-AA6C-6C641785180C}"
EndProject
Project("{2150E333-8FDC-42A3-9474-1A3956D46DE8}") = "Infrastructure", "Infrastructure", "{C6AF5E1F-1808-44B5-9FEF-F9356EA5F745}"
EndProject
Project("{9A19103F-16F7-4668-BE54-9A1E7A4F7556}") = "LaTallaPerfecta.BuildingBlocks.Domain", "LaTallaPerfecta.BuildingBlocks.Domain\LaTallaPerfecta.BuildingBlocks.Domain.csproj", "{9367580C-F2AD-4500-B3CA-B032EA55A387}"
EndProject
Project("{9A19103F-16F7-4668-BE54-9A1E7A4F7556}") = "LaTallaPerfecta.API", "LaTallaPerfecta.API\LaTallaPerfecta.API.csproj", "{108BD2B5-BEE2-4A80-B509-6A1C2B5C2809}"
EndProject
Project("{2150E333-8FDC-42A3-9474-1A3956D46DE8}") = "Application", "Application", "{4A4EA313-EFC2-4980-B310-EB985301C073}"
EndProject
Project("{9A19103F-16F7-4668-BE54-9A1E7A4F7556}") = "LaTallaPerfecta.BuildingBlocks.Application", "LaTallaPerfecta.BuildingBlocks.Application\LaTallaPerfecta.BuildingBlocks.Application.csproj", "{A7957C2D-C0F8-4F2A-8F4A-585FC4F6A37C}"
EndProject
Project("{2150E333-8FDC-42A3-9474-1A3956D46DE8}") = "Catalog", "Catalog", "{215176AD-9266-4638-A448-C34899DB334F}"
EndProject
Project("{2150E333-8FDC-42A3-9474-1A3956D46DE8}") = "Users", "Users", "{2BB5EA31-2094-4E6F-A7B9-1691A10B31D9}"
EndProject
Project("{FAE04EC0-301F-11D3-BF4B-00C04F79EFBC}") = "LaTallaPerfecta.Catalog.Domain", "LaTallaPerfecta.Catalog.Domain\LaTallaPerfecta.Catalog.Domain.csproj", "{3F551F73-A4E8-4000-B110-C1246F883587}"
EndProject
Global
	GlobalSection(SolutionConfigurationPlatforms) = preSolution
		Debug|Any CPU = Debug|Any CPU
		Release|Any CPU = Release|Any CPU
	EndGlobalSection
	GlobalSection(ProjectConfigurationPlatforms) = postSolution
		{9367580C-F2AD-4500-B3CA-B032EA55A387}.Debug|Any CPU.ActiveCfg = Debug|Any CPU
		{9367580C-F2AD-4500-B3CA-B032EA55A387}.Debug|Any CPU.Build.0 = Debug|Any CPU
		{9367580C-F2AD-4500-B3CA-B032EA55A387}.Release|Any CPU.ActiveCfg = Release|Any CPU
		{9367580C-F2AD-4500-B3CA-B032EA55A387}.Release|Any CPU.Build.0 = Release|Any CPU
		{108BD2B5-BEE2-4A80-B509-6A1C2B5C2809}.Debug|Any CPU.ActiveCfg = Debug|Any CPU
		{108BD2B5-BEE2-4A80-B509-6A1C2B5C2809}.Debug|Any CPU.Build.0 = Debug|Any CPU
		{108BD2B5-BEE2-4A80-B509-6A1C2B5C2809}.Release|Any CPU.ActiveCfg = Release|Any CPU
		{108BD2B5-BEE2-4A80-B509-6A1C2B5C2809}.Release|Any CPU.Build.0 = Release|Any CPU
		{A7957C2D-C0F8-4F2A-8F4A-585FC4F6A37C}.Debug|Any CPU.ActiveCfg = Debug|Any CPU
		{A7957C2D-C0F8-4F2A-8F4A-585FC4F6A37C}.Debug|Any CPU.Build.0 = Debug|Any CPU
		{A7957C2D-C0F8-4F2A-8F4A-585FC4F6A37C}.Release|Any CPU.ActiveCfg = Release|Any CPU
		{A7957C2D-C0F8-4F2A-8F4A-585FC4F6A37C}.Release|Any CPU.Build.0 = Release|Any CPU
		{3F551F73-A4E8-4000-B110-C1246F883587}.Debug|Any CPU.ActiveCfg = Debug|Any CPU
		{3F551F73-A4E8-4000-B110-C1246F883587}.Debug|Any CPU.Build.0 = Debug|Any CPU
		{3F551F73-A4E8-4000-B110-C1246F883587}.Release|Any CPU.ActiveCfg = Release|Any CPU
		{3F551F73-A4E8-4000-B110-C1246F883587}.Release|Any CPU.Build.0 = Release|Any CPU
	EndGlobalSection
	GlobalSection(SolutionProperties) = preSolution
		HideSolutionNode = FALSE
	EndGlobalSection
	GlobalSection(NestedProjects) = preSolution
		{C2922AAA-CEE7-47AF-876E-1F9733C345EC} = {48FD8643-976D-4821-B571-A7D160E73A2A}
		{9ABC5FC8-7BFE-4CAB-928D-6E03EFF4E99F} = {48FD8643-976D-4821-B571-A7D160E73A2A}
		{6ED919C6-442B-4DFE-9546-00D50EE6E13C} = {48FD8643-976D-4821-B571-A7D160E73A2A}
		{B4F854BC-C440-4663-AA6C-6C641785180C} = {6ED919C6-442B-4DFE-9546-00D50EE6E13C}
		{C6AF5E1F-1808-44B5-9FEF-F9356EA5F745} = {6ED919C6-442B-4DFE-9546-00D50EE6E13C}
		{9367580C-F2AD-4500-B3CA-B032EA55A387} = {B4F854BC-C440-4663-AA6C-6C641785180C}
		{108BD2B5-BEE2-4A80-B509-6A1C2B5C2809} = {C2922AAA-CEE7-47AF-876E-1F9733C345EC}
		{4A4EA313-EFC2-4980-B310-EB985301C073} = {6ED919C6-442B-4DFE-9546-00D50EE6E13C}
		{A7957C2D-C0F8-4F2A-8F4A-585FC4F6A37C} = {4A4EA313-EFC2-4980-B310-EB985301C073}
		{215176AD-9266-4638-A448-C34899DB334F} = {9ABC5FC8-7BFE-4CAB-928D-6E03EFF4E99F}
		{2BB5EA31-2094-4E6F-A7B9-1691A10B31D9} = {9ABC5FC8-7BFE-4CAB-928D-6E03EFF4E99F}
		{3F551F73-A4E8-4000-B110-C1246F883587} = {215176AD-9266-4638-A448-C34899DB334F}
	EndGlobalSection
	GlobalSection(ExtensibilityGlobals) = postSolution
		SolutionGuid = {5AA182BC-1E68-47C8-B486-5EAEB555A4E2}
	EndGlobalSection
EndGlobal
