
Microsoft Visual Studio Solution File, Format Version 12.00
# Visual Studio Version 17
VisualStudioVersion = 17.7.34009.444
MinimumVisualStudioVersion = 10.0.40219.1
Project("{2150E333-8FDC-42A3-9474-1A3956D46DE8}") = "src", "src", "{48FD8643-976D-4821-B571-A7D160E73A2A}"
EndProject
Project("{2150E333-8FDC-42A3-9474-1A3956D46DE8}") = "API", "API", "{C2922AAA-CEE7-47AF-876E-1F9733C345EC}"
EndProject
Project("{2150E333-8FDC-42A3-9474-1A3956D46DE8}") = "Modules", "Modules", "{9ABC5FC8-7BFE-4CAB-928D-6E03EFF4E99F}"
EndProject
Project("{2150E333-8FDC-42A3-9474-1A3956D46DE8}") = "BuildingBlocks", "BuildingBlocks", "{6ED919C6-442B-4DFE-9546-00D50EE6E13C}"
EndProject
Project("{2150E333-8FDC-42A3-9474-1A3956D46DE8}") = "Domain", "Domain", "{B4F854BC-C440-4663-AA6C-6C641785180C}"
EndProject
Project("{2150E333-8FDC-42A3-9474-1A3956D46DE8}") = "Infrastructure", "Infrastructure", "{C6AF5E1F-1808-44B5-9FEF-F9356EA5F745}"
EndProject
Project("{9A19103F-16F7-4668-BE54-9A1E7A4F7556}") = "LaTallaPerfecta.BuildingBlocks.Domain", "LaTallaPerfecta.BuildingBlocks.Domain\LaTallaPerfecta.BuildingBlocks.Domain.csproj", "{9367580C-F2AD-4500-B3CA-B032EA55A387}"
EndProject
Project("{9A19103F-16F7-4668-BE54-9A1E7A4F7556}") = "LaTallaPerfecta.API", "LaTallaPerfecta.API\LaTallaPerfecta.API.csproj", "{108BD2B5-BEE2-4A80-B509-6A1C2B5C2809}"
EndProject
Project("{2150E333-8FDC-42A3-9474-1A3956D46DE8}") = "Application", "Application", "{4A4EA313-EFC2-4980-B310-EB985301C073}"
EndProject
Project("{9A19103F-16F7-4668-BE54-9A1E7A4F7556}") = "LaTallaPerfecta.BuildingBlocks.Application", "LaTallaPerfecta.BuildingBlocks.Application\LaTallaPerfecta.BuildingBlocks.Application.csproj", "{A7957C2D-C0F8-4F2A-8F4A-585FC4F6A37C}"
EndProject
Project("{2150E333-8FDC-42A3-9474-1A3956D46DE8}") = "Catalog", "Catalog", "{215176AD-9266-4638-A448-C34899DB334F}"
EndProject
Project("{2150E333-8FDC-42A3-9474-1A3956D46DE8}") = "UserAccess", "UserAccess", "{2BB5EA31-2094-4E6F-A7B9-1691A10B31D9}"
EndProject
Project("{9A19103F-16F7-4668-BE54-9A1E7A4F7556}") = "LaTallaPerfecta.Catalog.Domain", "LaTallaPerfecta.Catalog.Domain\LaTallaPerfecta.Catalog.Domain.csproj", "{3F551F73-A4E8-4000-B110-C1246F883587}"
EndProject
Project("{2150E333-8FDC-42A3-9474-1A3956D46DE8}") = "Shopping", "Shopping", "{1784A6B2-CB5A-4351-B3F3-B73616BAC1BF}"
EndProject
Project("{2150E333-8FDC-42A3-9474-1A3956D46DE8}") = "Payments", "Payments", "{2E365C02-E666-4090-920B-0DE3A1A17CB3}"
EndProject
Project("{2150E333-8FDC-42A3-9474-1A3956D46DE8}") = "Notifications", "Notifications", "{F2DF26C3-5D5E-4905-BDE1-F58A6769D326}"
EndProject
Project("{FAE04EC0-301F-11D3-BF4B-00C04F79EFBC}") = "LaTallaPerfecta.Shopping.Domain", "LaTallaPerfecta.Shopping.Domain\LaTallaPerfecta.Shopping.Domain.csproj", "{C6FBD02B-B06C-4FB9-BB66-086F8E3474A5}"
EndProject
Project("{FAE04EC0-301F-11D3-BF4B-00C04F79EFBC}") = "LaTallaPerfecta.UserAccess.Domain", "LaTallaPerfecta.UserAccess.Domain\LaTallaPerfecta.UserAccess.Domain.csproj", "{1363CB4C-3915-4E84-8C0D-765062095148}"
EndProject
Project("{FAE04EC0-301F-11D3-BF4B-00C04F79EFBC}") = "LaTallaPerfecta.Notifications.Domain", "LaTallaPerfecta.Notifications.Domain\LaTallaPerfecta.Notifications.Domain.csproj", "{D105ECEE-B1A4-4D0B-AF3A-1459A318BB6C}"
EndProject
Project("{FAE04EC0-301F-11D3-BF4B-00C04F79EFBC}") = "LaTallaPerfecta.Payments.Domain", "LaTallaPerfecta.Payments.Domain\LaTallaPerfecta.Payments.Domain.csproj", "{BF5431C6-DD00-416C-802F-58CD3AE496AC}"
EndProject
Project("{2150E333-8FDC-42A3-9474-1A3956D46DE8}") = "test", "test", "{B0DBD7BA-666B-4171-AD00-A33A6ADA3A2B}"
EndProject
Project("{2150E333-8FDC-42A3-9474-1A3956D46DE8}") = "IntegrationEvents", "IntegrationEvents", "{C4254CB9-FBDC-49E3-8541-9DD30B9F09A1}"
EndProject
Project("{2150E333-8FDC-42A3-9474-1A3956D46DE8}") = "Tests", "Tests", "{4A0DD3AF-90CF-482E-B89F-C23E9562D5C0}"
EndProject
Project("{2150E333-8FDC-42A3-9474-1A3956D46DE8}") = "API", "API", "{396F33F0-7D51-47C4-9F25-2A4101EE7254}"
EndProject
Project("{2150E333-8FDC-42A3-9474-1A3956D46DE8}") = "modules", "modules", "{8C989404-7132-4279-B35A-ED78262DF2B7}"
EndProject
Project("{2150E333-8FDC-42A3-9474-1A3956D46DE8}") = "userAccess", "userAccess", "{0479CD12-74CA-4303-B97F-AE1B98B48825}"
EndProject
Project("{2150E333-8FDC-42A3-9474-1A3956D46DE8}") = "payments", "payments", "{CD3ADE79-59F2-4425-A868-47AFA85ABBAE}"
EndProject
Project("{2150E333-8FDC-42A3-9474-1A3956D46DE8}") = "notiufications", "notiufications", "{206A4DFF-754B-498A-BC38-FF48443F97BD}"
EndProject
Project("{2150E333-8FDC-42A3-9474-1A3956D46DE8}") = "shopping", "shopping", "{21E1D84F-F6F7-4F20-B094-22575D0E690D}"
EndProject
Project("{2150E333-8FDC-42A3-9474-1A3956D46DE8}") = "catalog", "catalog", "{4858F5AF-DA6E-4601-A938-C65E0E934AAF}"
EndProject
Project("{FAE04EC0-301F-11D3-BF4B-00C04F79EFBC}") = "LaTallaPerfecta.Catalog.Application", "LaTallaPerfecta.Catalog.Application\LaTallaPerfecta.Catalog.Application.csproj", "{B6E5DFD3-5049-48EC-8EB1-F074EBAA5746}"
EndProject
Global
	GlobalSection(SolutionConfigurationPlatforms) = preSolution
		Debug|Any CPU = Debug|Any CPU
		Release|Any CPU = Release|Any CPU
	EndGlobalSection
	GlobalSection(ProjectConfigurationPlatforms) = postSolution
		{9367580C-F2AD-4500-B3CA-B032EA55A387}.Debug|Any CPU.ActiveCfg = Debug|Any CPU
		{9367580C-F2AD-4500-B3CA-B032EA55A387}.Debug|Any CPU.Build.0 = Debug|Any CPU
		{9367580C-F2AD-4500-B3CA-B032EA55A387}.Release|Any CPU.ActiveCfg = Release|Any CPU
		{9367580C-F2AD-4500-B3CA-B032EA55A387}.Release|Any CPU.Build.0 = Release|Any CPU
		{108BD2B5-BEE2-4A80-B509-6A1C2B5C2809}.Debug|Any CPU.ActiveCfg = Debug|Any CPU
		{108BD2B5-BEE2-4A80-B509-6A1C2B5C2809}.Debug|Any CPU.Build.0 = Debug|Any CPU
		{108BD2B5-BEE2-4A80-B509-6A1C2B5C2809}.Release|Any CPU.ActiveCfg = Release|Any CPU
		{108BD2B5-BEE2-4A80-B509-6A1C2B5C2809}.Release|Any CPU.Build.0 = Release|Any CPU
		{A7957C2D-C0F8-4F2A-8F4A-585FC4F6A37C}.Debug|Any CPU.ActiveCfg = Debug|Any CPU
		{A7957C2D-C0F8-4F2A-8F4A-585FC4F6A37C}.Debug|Any CPU.Build.0 = Debug|Any CPU
		{A7957C2D-C0F8-4F2A-8F4A-585FC4F6A37C}.Release|Any CPU.ActiveCfg = Release|Any CPU
		{A7957C2D-C0F8-4F2A-8F4A-585FC4F6A37C}.Release|Any CPU.Build.0 = Release|Any CPU
		{3F551F73-A4E8-4000-B110-C1246F883587}.Debug|Any CPU.ActiveCfg = Debug|Any CPU
		{3F551F73-A4E8-4000-B110-C1246F883587}.Debug|Any CPU.Build.0 = Debug|Any CPU
		{3F551F73-A4E8-4000-B110-C1246F883587}.Release|Any CPU.ActiveCfg = Release|Any CPU
		{3F551F73-A4E8-4000-B110-C1246F883587}.Release|Any CPU.Build.0 = Release|Any CPU
		{C6FBD02B-B06C-4FB9-BB66-086F8E3474A5}.Debug|Any CPU.ActiveCfg = Debug|Any CPU
		{C6FBD02B-B06C-4FB9-BB66-086F8E3474A5}.Debug|Any CPU.Build.0 = Debug|Any CPU
		{C6FBD02B-B06C-4FB9-BB66-086F8E3474A5}.Release|Any CPU.ActiveCfg = Release|Any CPU
		{C6FBD02B-B06C-4FB9-BB66-086F8E3474A5}.Release|Any CPU.Build.0 = Release|Any CPU
		{1363CB4C-3915-4E84-8C0D-765062095148}.Debug|Any CPU.ActiveCfg = Debug|Any CPU
		{1363CB4C-3915-4E84-8C0D-765062095148}.Debug|Any CPU.Build.0 = Debug|Any CPU
		{1363CB4C-3915-4E84-8C0D-765062095148}.Release|Any CPU.ActiveCfg = Release|Any CPU
		{1363CB4C-3915-4E84-8C0D-765062095148}.Release|Any CPU.Build.0 = Release|Any CPU
		{D105ECEE-B1A4-4D0B-AF3A-1459A318BB6C}.Debug|Any CPU.ActiveCfg = Debug|Any CPU
		{D105ECEE-B1A4-4D0B-AF3A-1459A318BB6C}.Debug|Any CPU.Build.0 = Debug|Any CPU
		{D105ECEE-B1A4-4D0B-AF3A-1459A318BB6C}.Release|Any CPU.ActiveCfg = Release|Any CPU
		{D105ECEE-B1A4-4D0B-AF3A-1459A318BB6C}.Release|Any CPU.Build.0 = Release|Any CPU
		{BF5431C6-DD00-416C-802F-58CD3AE496AC}.Debug|Any CPU.ActiveCfg = Debug|Any CPU
		{BF5431C6-DD00-416C-802F-58CD3AE496AC}.Debug|Any CPU.Build.0 = Debug|Any CPU
		{BF5431C6-DD00-416C-802F-58CD3AE496AC}.Release|Any CPU.ActiveCfg = Release|Any CPU
		{BF5431C6-DD00-416C-802F-58CD3AE496AC}.Release|Any CPU.Build.0 = Release|Any CPU
		{B6E5DFD3-5049-48EC-8EB1-F074EBAA5746}.Debug|Any CPU.ActiveCfg = Debug|Any CPU
		{B6E5DFD3-5049-48EC-8EB1-F074EBAA5746}.Debug|Any CPU.Build.0 = Debug|Any CPU
		{B6E5DFD3-5049-48EC-8EB1-F074EBAA5746}.Release|Any CPU.ActiveCfg = Release|Any CPU
		{B6E5DFD3-5049-48EC-8EB1-F074EBAA5746}.Release|Any CPU.Build.0 = Release|Any CPU
	EndGlobalSection
	GlobalSection(SolutionProperties) = preSolution
		HideSolutionNode = FALSE
	EndGlobalSection
	GlobalSection(NestedProjects) = preSolution
		{C2922AAA-CEE7-47AF-876E-1F9733C345EC} = {48FD8643-976D-4821-B571-A7D160E73A2A}
		{9ABC5FC8-7BFE-4CAB-928D-6E03EFF4E99F} = {48FD8643-976D-4821-B571-A7D160E73A2A}
		{6ED919C6-442B-4DFE-9546-00D50EE6E13C} = {48FD8643-976D-4821-B571-A7D160E73A2A}
		{B4F854BC-C440-4663-AA6C-6C641785180C} = {6ED919C6-442B-4DFE-9546-00D50EE6E13C}
		{C6AF5E1F-1808-44B5-9FEF-F9356EA5F745} = {6ED919C6-442B-4DFE-9546-00D50EE6E13C}
		{9367580C-F2AD-4500-B3CA-B032EA55A387} = {B4F854BC-C440-4663-AA6C-6C641785180C}
		{108BD2B5-BEE2-4A80-B509-6A1C2B5C2809} = {C2922AAA-CEE7-47AF-876E-1F9733C345EC}
		{4A4EA313-EFC2-4980-B310-EB985301C073} = {6ED919C6-442B-4DFE-9546-00D50EE6E13C}
		{A7957C2D-C0F8-4F2A-8F4A-585FC4F6A37C} = {4A4EA313-EFC2-4980-B310-EB985301C073}
		{215176AD-9266-4638-A448-C34899DB334F} = {9ABC5FC8-7BFE-4CAB-928D-6E03EFF4E99F}
		{2BB5EA31-2094-4E6F-A7B9-1691A10B31D9} = {9ABC5FC8-7BFE-4CAB-928D-6E03EFF4E99F}
		{3F551F73-A4E8-4000-B110-C1246F883587} = {215176AD-9266-4638-A448-C34899DB334F}
		{1784A6B2-CB5A-4351-B3F3-B73616BAC1BF} = {9ABC5FC8-7BFE-4CAB-928D-6E03EFF4E99F}
		{2E365C02-E666-4090-920B-0DE3A1A17CB3} = {9ABC5FC8-7BFE-4CAB-928D-6E03EFF4E99F}
		{F2DF26C3-5D5E-4905-BDE1-F58A6769D326} = {9ABC5FC8-7BFE-4CAB-928D-6E03EFF4E99F}
		{C6FBD02B-B06C-4FB9-BB66-086F8E3474A5} = {1784A6B2-CB5A-4351-B3F3-B73616BAC1BF}
		{1363CB4C-3915-4E84-8C0D-765062095148} = {2BB5EA31-2094-4E6F-A7B9-1691A10B31D9}
		{D105ECEE-B1A4-4D0B-AF3A-1459A318BB6C} = {F2DF26C3-5D5E-4905-BDE1-F58A6769D326}
		{BF5431C6-DD00-416C-802F-58CD3AE496AC} = {2E365C02-E666-4090-920B-0DE3A1A17CB3}
		{B0DBD7BA-666B-4171-AD00-A33A6ADA3A2B} = {48FD8643-976D-4821-B571-A7D160E73A2A}
		{C4254CB9-FBDC-49E3-8541-9DD30B9F09A1} = {6ED919C6-442B-4DFE-9546-00D50EE6E13C}
		{4A0DD3AF-90CF-482E-B89F-C23E9562D5C0} = {6ED919C6-442B-4DFE-9546-00D50EE6E13C}
		{396F33F0-7D51-47C4-9F25-2A4101EE7254} = {6ED919C6-442B-4DFE-9546-00D50EE6E13C}
		{8C989404-7132-4279-B35A-ED78262DF2B7} = {B0DBD7BA-666B-4171-AD00-A33A6ADA3A2B}
		{0479CD12-74CA-4303-B97F-AE1B98B48825} = {8C989404-7132-4279-B35A-ED78262DF2B7}
		{CD3ADE79-59F2-4425-A868-47AFA85ABBAE} = {8C989404-7132-4279-B35A-ED78262DF2B7}
		{206A4DFF-754B-498A-BC38-FF48443F97BD} = {8C989404-7132-4279-B35A-ED78262DF2B7}
		{21E1D84F-F6F7-4F20-B094-22575D0E690D} = {8C989404-7132-4279-B35A-ED78262DF2B7}
		{4858F5AF-DA6E-4601-A938-C65E0E934AAF} = {8C989404-7132-4279-B35A-ED78262DF2B7}
	EndGlobalSection
	GlobalSection(ExtensibilityGlobals) = postSolution
		SolutionGuid = {5AA182BC-1E68-47C8-B486-5EAEB555A4E2}
	EndGlobalSection
EndGlobal
